{
  "requires": true,
  "lockfileVersion": 1,
  "dependencies": {
    "cordova-plugin-background-mode": {
      "version": "git+https://github.com/katzer/cordova-plugin-background-mode.git#a2352f5d8b17de5799b35177d9c7c4f32f66c49e",
      "from": "git+https://github.com/katzer/cordova-plugin-background-mode.git"
    },
    "cordova-plugin-ble-central": {
      "version": "1.2.2",
      "resolved": "https://registry.npmjs.org/cordova-plugin-ble-central/-/cordova-plugin-ble-central-1.2.2.tgz",
      "integrity": "sha512-81+BD9UQSp8Fuati9bPvKG/6lSGHHtw3JeLxQl8Q85ZS1n3GkSfA3DBMqKRjmOG6OVe4csR+XcO7cd75HMl6Qg=="
    },
    "cordova-plugin-compat": {
      "version": "1.2.0",
      "resolved": "https://registry.npmjs.org/cordova-plugin-compat/-/cordova-plugin-compat-1.2.0.tgz",
      "integrity": "sha1-C8ZXVyduvZIMASzpIOJ0F3V2Nz4="
    },
    "cordova-plugin-device": {
      "version": "2.0.2",
      "resolved": "https://registry.npmjs.org/cordova-plugin-device/-/cordova-plugin-device-2.0.2.tgz",
      "integrity": "sha1-/Ajzci5n7ve2xnv8mag99q3Quro="
    }
  }
}
